
Microsoft Visual Studio Solution File, Format Version 12.00
# Visual Studio Version 17
VisualStudioVersion = 17.12.35707.178 d17.12
MinimumVisualStudioVersion = 10.0.40219.1
Project("{FAE04EC0-301F-11D3-BF4B-00C04F79EFBC}") = "Atividade3", "Atividade3.csproj", "{91457DB4-495D-430E-869E-91E28EEFC081}"
EndProject
Global
	GlobalSection(SolutionConfigurationPlatforms) = preSolution
		Debug|Any CPU = Debug|Any CPU
		Release|Any CPU = Release|Any CPU
	EndGlobalSection
	GlobalSection(ProjectConfigurationPlatforms) = postSolution
		{91457DB4-495D-430E-869E-91E28EEFC081}.Debug|Any CPU.ActiveCfg = Debug|Any CPU
		{91457DB4-495D-430E-869E-91E28EEFC081}.Debug|Any CPU.Build.0 = Debug|Any CPU
		{91457DB4-495D-430E-869E-91E28EEFC081}.Release|Any CPU.ActiveCfg = Release|Any CPU
		{91457DB4-495D-430E-869E-91E28EEFC081}.Release|Any CPU.Build.0 = Release|Any CPU
	EndGlobalSection
	GlobalSection(SolutionProperties) = preSolution
		HideSolutionNode = FALSE
	EndGlobalSection
EndGlobal
