
Microsoft Visual Studio Solution File, Format Version 12.00
# Visual Studio Version 17
VisualStudioVersion = 17.12.35707.178 d17.12
MinimumVisualStudioVersion = 10.0.40219.1
Project("{FAE04EC0-301F-11D3-BF4B-00C04F79EFBC}") = "Atividade03", "Atividade03.csproj", "{1FF079BF-6AC2-4301-B93E-72EE6C49B69D}"
EndProject
Global
	GlobalSection(SolutionConfigurationPlatforms) = preSolution
		Debug|Any CPU = Debug|Any CPU
		Release|Any CPU = Release|Any CPU
	EndGlobalSection
	GlobalSection(ProjectConfigurationPlatforms) = postSolution
		{1FF079BF-6AC2-4301-B93E-72EE6C49B69D}.Debug|Any CPU.ActiveCfg = Debug|Any CPU
		{1FF079BF-6AC2-4301-B93E-72EE6C49B69D}.Debug|Any CPU.Build.0 = Debug|Any CPU
		{1FF079BF-6AC2-4301-B93E-72EE6C49B69D}.Release|Any CPU.ActiveCfg = Release|Any CPU
		{1FF079BF-6AC2-4301-B93E-72EE6C49B69D}.Release|Any CPU.Build.0 = Release|Any CPU
	EndGlobalSection
	GlobalSection(SolutionProperties) = preSolution
		HideSolutionNode = FALSE
	EndGlobalSection
EndGlobal
